
Microsoft Visual Studio Solution File, Format Version 12.00
# Visual Studio 2013
Project("{FAE04EC0-301F-11D3-BF4B-00C04F79EFBC}") = "UnityVS.2048_Unity.CSharp", "UnityVS.2048_Unity.CSharp.csproj", "{FB6256BC-1068-C14D-AF6E-290E26A3FB01}"
EndProject
Global
	GlobalSection(SolutionConfigurationPlatforms) = preSolution
		Debug|Any CPU = Debug|Any CPU
		Release|Any CPU = Release|Any CPU
	EndGlobalSection
	GlobalSection(ProjectConfigurationPlatforms) = postSolution
		{FB6256BC-1068-C14D-AF6E-290E26A3FB01}.Debug|Any CPU.ActiveCfg = Debug|Any CPU
		{FB6256BC-1068-C14D-AF6E-290E26A3FB01}.Debug|Any CPU.Build.0 = Debug|Any CPU
		{FB6256BC-1068-C14D-AF6E-290E26A3FB01}.Release|Any CPU.ActiveCfg = Release|Any CPU
		{FB6256BC-1068-C14D-AF6E-290E26A3FB01}.Release|Any CPU.Build.0 = Release|Any CPU
	EndGlobalSection
	GlobalSection(SolutionProperties) = preSolution
		HideSolutionNode = FALSE
	EndGlobalSection
EndGlobal
